Microsoft Visual Studio Solution File, Format Version 11.00
# Visual Studio 2008

Project("{EF96B824-1ABA-BBED-26A6-18AC2F43CD9C}") = "Astroids (Fall of Atlantis)", "Assembly-CSharp.csproj", "{0F27ABFC-DB4B-BDCF-4584-7D231A28EAD9}"
EndProject
Global
	GlobalSection(SolutionConfigurationPlatforms) = preSolution
		Debug|Any CPU = Debug|Any CPU
		Release|Any CPU = Release|Any CPU
	EndGlobalSection
	GlobalSection(ProjectConfigurationPlatforms) = postSolution
		{0F27ABFC-DB4B-BDCF-4584-7D231A28EAD9}.Debug|Any CPU.ActiveCfg = Debug|Any CPU
		{0F27ABFC-DB4B-BDCF-4584-7D231A28EAD9}.Debug|Any CPU.Build.0 = Debug|Any CPU
		{0F27ABFC-DB4B-BDCF-4584-7D231A28EAD9}.Release|Any CPU.ActiveCfg = Release|Any CPU
		{0F27ABFC-DB4B-BDCF-4584-7D231A28EAD9}.Release|Any CPU.Build.0 = Release|Any CPU
	EndGlobalSection
	GlobalSection(SolutionProperties) = preSolution
		HideSolutionNode = FALSE
	EndGlobalSection
	GlobalSection(MonoDevelopProperties) = preSolution
		StartupItem = Assembly-CSharp.csproj
	EndGlobalSection
EndGlobal
